
Microsoft Visual Studio Solution File, Format Version 12.00
# Visual Studio Version 17
VisualStudioVersion = 17.4.33103.184
MinimumVisualStudioVersion = 10.0.40219.1
Project("{FAE04EC0-301F-11D3-BF4B-00C04F79EFBC}") = "TASK _2", "TASK _2.csproj", "{43603756-F7A3-483F-8E1E-F7FAF00D8887}"
EndProject
Global
	GlobalSection(SolutionConfigurationPlatforms) = preSolution
		Debug|Any CPU = Debug|Any CPU
		Release|Any CPU = Release|Any CPU
	EndGlobalSection
	GlobalSection(ProjectConfigurationPlatforms) = postSolution
		{43603756-F7A3-483F-8E1E-F7FAF00D8887}.Debug|Any CPU.ActiveCfg = Debug|Any CPU
		{43603756-F7A3-483F-8E1E-F7FAF00D8887}.Debug|Any CPU.Build.0 = Debug|Any CPU
		{43603756-F7A3-483F-8E1E-F7FAF00D8887}.Release|Any CPU.ActiveCfg = Release|Any CPU
		{43603756-F7A3-483F-8E1E-F7FAF00D8887}.Release|Any CPU.Build.0 = Release|Any CPU
	EndGlobalSection
	GlobalSection(SolutionProperties) = preSolution
		HideSolutionNode = FALSE
	EndGlobalSection
	GlobalSection(ExtensibilityGlobals) = postSolution
		SolutionGuid = {992D1FE0-97D9-45F1-A3ED-07ED1352162F}
	EndGlobalSection
EndGlobal
